
Microsoft Visual Studio Solution File, Format Version 12.00
Project("{FAE04EC0-301F-11D3-BF4B-00C04F79EFBC}") = "Project_ListStorage_Class", "Project_ListStorage_Class\Project_ListStorage_Class.csproj", "{96DD68AC-D533-44E4-B0B3-417063445795}"
EndProject
Global
	GlobalSection(SolutionConfigurationPlatforms) = preSolution
		Debug|Any CPU = Debug|Any CPU
		Release|Any CPU = Release|Any CPU
	EndGlobalSection
	GlobalSection(ProjectConfigurationPlatforms) = postSolution
		{96DD68AC-D533-44E4-B0B3-417063445795}.Debug|Any CPU.ActiveCfg = Debug|Any CPU
		{96DD68AC-D533-44E4-B0B3-417063445795}.Debug|Any CPU.Build.0 = Debug|Any CPU
		{96DD68AC-D533-44E4-B0B3-417063445795}.Release|Any CPU.ActiveCfg = Release|Any CPU
		{96DD68AC-D533-44E4-B0B3-417063445795}.Release|Any CPU.Build.0 = Release|Any CPU
	EndGlobalSection
EndGlobal
